# THIS IS AN AUTOGENERATED FILE. DO NOT EDIT THIS FILE DIRECTLY.
# yarn lockfile v1


"@babel/helper-validator-identifier@^7.16.7":
  version "7.16.7"
  resolved "https://packages.tuhuyun.cn/artifactory/api/npm/npm/@babel/helper-validator-identifier/download/@babel/helper-validator-identifier-7.16.7.tgz#e8c602438c4a8195751243da9031d1607d247cad"
  integrity sha1-6MYCQ4xKgZV1EkPakDHRYH0kfK0=

"@babel/parser@^7.16.4", "@babel/parser@^7.6.0", "@babel/parser@^7.9.6":
  version "7.16.12"
  resolved "https://packages.tuhuyun.cn/artifactory/api/npm/npm/@babel/parser/download/@babel/parser-7.16.12.tgz#9474794f9a650cf5e2f892444227f98e28cdf8b6"
  integrity sha1-lHR5T5plDPXi+JJEQif5jijN+LY=

"@babel/types@^7.6.1", "@babel/types@^7.9.6":
  version "7.16.8"
  resolved "https://packages.tuhuyun.cn/artifactory/api/npm/npm/@babel/types/download/@babel/types-7.16.8.tgz#0ba5da91dd71e0a4e7781a30f22770831062e3c1"
  integrity sha1-C6Xakd1x4KTneBow8idwgxBi48E=
  dependencies:
    "@babel/helper-validator-identifier" "^7.16.7"
    to-fast-properties "^2.0.0"

"@emmetio/abbreviation@^2.2.2":
  version "2.2.2"
  resolved "https://packages.tuhuyun.cn/artifactory/api/npm/npm/@emmetio/abbreviation/download/@emmetio/abbreviation-2.2.2.tgz#746762fd9e7a8c2ea604f580c62e3cfe250e6989"
  integrity sha1-dGdi/Z56jC6mBPWAxi48/iUOaYk=
  dependencies:
    "@emmetio/scanner" "^1.0.0"

"@emmetio/css-abbreviation@^2.1.4":
  version "2.1.4"
  resolved "https://packages.tuhuyun.cn/artifactory/api/npm/npm/@emmetio/css-abbreviation/download/@emmetio/css-abbreviation-2.1.4.tgz#90362e8a1122ce3b76f6c3157907d30182f53f54"
  integrity sha1-kDYuihEizjt29sMVeQfTAYL1P1Q=
  dependencies:
    "@emmetio/scanner" "^1.0.0"

"@emmetio/scanner@^1.0.0":
  version "1.0.0"
  resolved "https://packages.tuhuyun.cn/artifactory/api/npm/npm/@emmetio/scanner/download/@emmetio/scanner-1.0.0.tgz#065b2af6233fe7474d44823e3deb89724af42b5f"
  integrity sha1-Blsq9iM/50dNRII+PeuJckr0K18=

"@vitejs/plugin-vue@^2.0.0":
  version "2.1.0"
  resolved "https://packages.tuhuyun.cn/artifactory/api/npm/npm/@vitejs/plugin-vue/download/@vitejs/plugin-vue-2.1.0.tgz#ddf5e0059f84f2ff649afc25ce5a59211e670542"
  integrity sha1-3fXgBZ+E8v9kmvwlzlpZIR5nBUI=

"@volar/code-gen@0.29.8":
  version "0.29.8"
  resolved "https://packages.tuhuyun.cn/artifactory/api/npm/npm/@volar/code-gen/download/@volar/code-gen-0.29.8.tgz#db1a4bf29caeba131265bed9dbe96a1a0b66ea35"
  integrity sha1-2xpL8pyuuhMSZb7Z2+lqGgtm6jU=
  dependencies:
    "@volar/shared" "0.29.8"
    "@volar/source-map" "0.29.8"

"@volar/html2pug@0.29.8":
  version "0.29.8"
  resolved "https://packages.tuhuyun.cn/artifactory/api/npm/npm/@volar/html2pug/download/@volar/html2pug-0.29.8.tgz#2e97fa2968dcdfe0dbbc67b0cd2ab4c440018738"
  integrity sha1-Lpf6KWjc3+DbvGewzSq0xEABhzg=
  dependencies:
    domelementtype "^2.2.0"
    domhandler "^4.2.2"
    htmlparser2 "^7.1.2"
    pug "^3.0.2"

"@volar/shared@0.29.8":
  version "0.29.8"
  resolved "https://packages.tuhuyun.cn/artifactory/api/npm/npm/@volar/shared/download/@volar/shared-0.29.8.tgz#e635ddf2cbcf307da932eb4b98e33c320d3d2991"
  integrity sha1-5jXd8svPMH2pMutLmOM8Mg09KZE=
  dependencies:
    upath "^2.0.1"
    vscode-jsonrpc "^8.0.0-next.2"
    vscode-uri "^3.0.2"

"@volar/source-map@0.29.8":
  version "0.29.8"
  resolved "https://packages.tuhuyun.cn/artifactory/api/npm/npm/@volar/source-map/download/@volar/source-map-0.29.8.tgz#3299a0ae86ae0b72b4db3e50499d8bb285d8e9b2"
  integrity sha1-MpmgroauC3K02z5QSZ2LsoXY6bI=
  dependencies:
    "@volar/shared" "0.29.8"

"@volar/transforms@0.29.8":
  version "0.29.8"
  resolved "https://packages.tuhuyun.cn/artifactory/api/npm/npm/@volar/transforms/download/@volar/transforms-0.29.8.tgz#ef807010ac90772a065e7cf50509b6433b53e355"
  integrity sha1-74BwEKyQdyoGXnz1BQm2QztT41U=
  dependencies:
    "@volar/shared" "0.29.8"
    vscode-languageserver "^8.0.0-next.2"

"@volar/vue-code-gen@0.29.8":
  version "0.29.8"
  resolved "https://packages.tuhuyun.cn/artifactory/api/npm/npm/@volar/vue-code-gen/download/@volar/vue-code-gen-0.29.8.tgz#32401d52e2570d775fcc6cbc83abefeef65c48cd"
  integrity sha1-MkAdUuJXDXdfzGy8g6vv7vZcSM0=
  dependencies:
    "@volar/code-gen" "0.29.8"
    "@volar/shared" "0.29.8"
    "@volar/source-map" "0.29.8"
    "@vue/compiler-core" "^3.2.21"
    "@vue/compiler-dom" "^3.2.21"
    "@vue/shared" "^3.2.21"
    upath "^2.0.1"

"@vscode/emmet-helper@^2.8.0":
  version "2.8.3"
  resolved "https://packages.tuhuyun.cn/artifactory/api/npm/npm/@vscode/emmet-helper/download/@vscode/emmet-helper-2.8.3.tgz#f7c2b4a4751d03bcf2b421f0fce5b521a0f64a18"
  integrity sha1-98K0pHUdA7zytCHw/OW1IaD2Shg=
  dependencies:
    emmet "^2.3.0"
    jsonc-parser "^2.3.0"
    vscode-languageserver-textdocument "^1.0.1"
    vscode-languageserver-types "^3.15.1"
    vscode-nls "^5.0.0"
    vscode-uri "^2.1.2"

"@vue/compiler-core@3.2.29", "@vue/compiler-core@^3.2.21":
  version "3.2.29"
  resolved "https://packages.tuhuyun.cn/artifactory/api/npm/npm/@vue/compiler-core/download/@vue/compiler-core-3.2.29.tgz#b06097ab8ff0493177c68c5ea5b63d379a061097"
  integrity sha1-sGCXq4/wSTF3xoxepbY9N5oGEJc=
  dependencies:
    "@babel/parser" "^7.16.4"
    "@vue/shared" "3.2.29"
    estree-walker "^2.0.2"
    source-map "^0.6.1"

"@vue/compiler-dom@3.2.29", "@vue/compiler-dom@^3.2.21":
  version "3.2.29"
  resolved "https://packages.tuhuyun.cn/artifactory/api/npm/npm/@vue/compiler-dom/download/@vue/compiler-dom-3.2.29.tgz#ad0ead405bd2f2754161335aad9758aa12430715"
  integrity sha1-rQ6tQFvS8nVBYTNarZdYqhJDBxU=
  dependencies:
    "@vue/compiler-core" "3.2.29"
    "@vue/shared" "3.2.29"

"@vue/compiler-sfc@3.2.29":
  version "3.2.29"
  resolved "https://packages.tuhuyun.cn/artifactory/api/npm/npm/@vue/compiler-sfc/download/@vue/compiler-sfc-3.2.29.tgz#f76d556cd5fca6a55a3ea84c88db1a2a53a36ead"
  integrity sha1-921VbNX8pqVaPqhMiNsaKlOjbq0=
  dependencies:
    "@babel/parser" "^7.16.4"
    "@vue/compiler-core" "3.2.29"
    "@vue/compiler-dom" "3.2.29"
    "@vue/compiler-ssr" "3.2.29"
    "@vue/reactivity-transform" "3.2.29"
    "@vue/shared" "3.2.29"
    estree-walker "^2.0.2"
    magic-string "^0.25.7"
    postcss "^8.1.10"
    source-map "^0.6.1"

"@vue/compiler-ssr@3.2.29":
  version "3.2.29"
  resolved "https://packages.tuhuyun.cn/artifactory/api/npm/npm/@vue/compiler-ssr/download/@vue/compiler-ssr-3.2.29.tgz#37b15b32dcd2f6b410bb61fca3f37b1a92b7eb1e"
  integrity sha1-N7FbMtzS9rQQu2H8o/N7GpK36x4=
  dependencies:
    "@vue/compiler-dom" "3.2.29"
    "@vue/shared" "3.2.29"

"@vue/devtools-api@^6.0.0-beta.18":
  version "6.0.0-beta.21.1"
  resolved "https://packages.tuhuyun.cn/artifactory/api/npm/npm/@vue/devtools-api/download/@vue/devtools-api-6.0.0-beta.21.1.tgz#f1410f53c42aa67fa3b01ca7bdba891f69d7bc97"
  integrity sha1-8UEPU8Qqpn+jsBynvbqJH2nXvJc=

"@vue/reactivity-transform@3.2.29":
  version "3.2.29"
  resolved "https://packages.tuhuyun.cn/artifactory/api/npm/npm/@vue/reactivity-transform/download/@vue/reactivity-transform-3.2.29.tgz#a08d606e10016b7cf588d1a43dae4db2953f9354"
  integrity sha1-oI1gbhABa3z1iNGkPa5NspU/k1Q=
  dependencies:
    "@babel/parser" "^7.16.4"
    "@vue/compiler-core" "3.2.29"
    "@vue/shared" "3.2.29"
    estree-walker "^2.0.2"
    magic-string "^0.25.7"

"@vue/reactivity@3.2.29", "@vue/reactivity@^3.2.21":
  version "3.2.29"
  resolved "https://packages.tuhuyun.cn/artifactory/api/npm/npm/@vue/reactivity/download/@vue/reactivity-3.2.29.tgz#afdc9c111d4139b14600be17ad80267212af6052"
  integrity sha1-r9ycER1BObFGAL4XrYAmchKvYFI=
  dependencies:
    "@vue/shared" "3.2.29"

"@vue/runtime-core@3.2.29":
  version "3.2.29"
  resolved "https://packages.tuhuyun.cn/artifactory/api/npm/npm/@vue/runtime-core/download/@vue/runtime-core-3.2.29.tgz#fb8577b2fcf52e8d967bd91cdf49ab9fb91f9417"
  integrity sha1-+4V3svz1Lo2We9kc30mrn7kflBc=
  dependencies:
    "@vue/reactivity" "3.2.29"
    "@vue/shared" "3.2.29"

"@vue/runtime-dom@3.2.29":
  version "3.2.29"
  resolved "https://packages.tuhuyun.cn/artifactory/api/npm/npm/@vue/runtime-dom/download/@vue/runtime-dom-3.2.29.tgz#35e9a2bf04ef80b86ac2ca0e7b2ceaccf1e18f01"
  integrity sha1-NemivwTvgLhqwsoOeyzqzPHhjwE=
  dependencies:
    "@vue/runtime-core" "3.2.29"
    "@vue/shared" "3.2.29"
    csstype "^2.6.8"

"@vue/server-renderer@3.2.29":
  version "3.2.29"
  resolved "https://packages.tuhuyun.cn/artifactory/api/npm/npm/@vue/server-renderer/download/@vue/server-renderer-3.2.29.tgz#ea6afa361b9c781a868c8da18c761f9b7bc89102"
  integrity sha1-6mr6NhuceBqGjI2hjHYfm3vIkQI=
  dependencies:
    "@vue/compiler-ssr" "3.2.29"
    "@vue/shared" "3.2.29"

"@vue/shared@3.2.29", "@vue/shared@^3.2.21":
  version "3.2.29"
  resolved "https://packages.tuhuyun.cn/artifactory/api/npm/npm/@vue/shared/download/@vue/shared-3.2.29.tgz#07dac7051117236431d2f737d16932aa38bbb925"
  integrity sha1-B9rHBREXI2Qx0vc30Wkyqji7uSU=

acorn@^7.1.1:
  version "7.4.1"
  resolved "https://packages.tuhuyun.cn/artifactory/api/npm/npm/acorn/download/acorn-7.4.1.tgz#feaed255973d2e77555b83dbc08851a6c63520fa"
  integrity sha1-/q7SVZc9LndVW4PbwIhRpsY1IPo=

asap@~2.0.3:
  version "2.0.6"
  resolved "https://packages.tuhuyun.cn/artifactory/api/npm/npm/asap/download/asap-2.0.6.tgz#e50347611d7e690943208bbdafebcbc2fb866d46"
  integrity sha1-5QNHYR1+aQlDIIu9r+vLwvuGbUY=

assert-never@^1.2.1:
  version "1.2.1"
  resolved "https://packages.tuhuyun.cn/artifactory/api/npm/npm/assert-never/download/assert-never-1.2.1.tgz#11f0e363bf146205fb08193b5c7b90f4d1cf44fe"
  integrity sha1-EfDjY78UYgX7CBk7XHuQ9NHPRP4=

babel-walk@3.0.0-canary-5:
  version "3.0.0-canary-5"
  resolved "https://packages.tuhuyun.cn/artifactory/api/npm/npm/babel-walk/download/babel-walk-3.0.0-canary-5.tgz#f66ecd7298357aee44955f235a6ef54219104b11"
  integrity sha1-9m7Ncpg1eu5ElV8jWm71QhkQSxE=
  dependencies:
    "@babel/types" "^7.9.6"

call-bind@^1.0.2:
  version "1.0.2"
  resolved "https://packages.tuhuyun.cn/artifactory/api/npm/npm/call-bind/download/call-bind-1.0.2.tgz#b1d4e89e688119c3c9a903ad30abb2f6a919be3c"
  integrity sha1-sdTonmiBGcPJqQOtMKuy9qkZvjw=
  dependencies:
    function-bind "^1.1.1"
    get-intrinsic "^1.0.2"

character-parser@^2.2.0:
  version "2.2.0"
  resolved "https://packages.tuhuyun.cn/artifactory/api/npm/npm/character-parser/download/character-parser-2.2.0.tgz#c7ce28f36d4bcd9744e5ffc2c5fcde1c73261fc0"
  integrity sha1-x84o821LzZdE5f/CxfzeHHMmH8A=
  dependencies:
    is-regex "^1.0.3"

constantinople@^4.0.1:
  version "4.0.1"
  resolved "https://packages.tuhuyun.cn/artifactory/api/npm/npm/constantinople/download/constantinople-4.0.1.tgz#0def113fa0e4dc8de83331a5cf79c8b325213151"
  integrity sha1-De8RP6Dk3I3oMzGlz3nIsyUhMVE=
  dependencies:
    "@babel/parser" "^7.6.0"
    "@babel/types" "^7.6.1"

copy-anything@^2.0.1:
  version "2.0.6"
  resolved "https://packages.tuhuyun.cn/artifactory/api/npm/npm/copy-anything/download/copy-anything-2.0.6.tgz#092454ea9584a7b7ad5573062b2a87f5900fc480"
  integrity sha1-CSRU6pWEp7etVXMGKyqH9ZAPxIA=
  dependencies:
    is-what "^3.14.1"

csstype@^2.6.8:
  version "2.6.19"
  resolved "https://packages.tuhuyun.cn/artifactory/api/npm/npm/csstype/download/csstype-2.6.19.tgz#feeb5aae89020bb389e1f63669a5ed490e391caa"
  integrity sha1-/utarokCC7OJ4fY2aaXtSQ45HKo=

debug@^3.2.6:
  version "3.2.7"
  resolved "https://packages.tuhuyun.cn/artifactory/api/npm/npm/debug/download/debug-3.2.7.tgz#72580b7e9145fb39b6676f9c5e5fb100b934179a"
  integrity sha1-clgLfpFF+zm2Z2+cXl+xALk0F5o=
  dependencies:
    ms "^2.1.1"

doctypes@^1.1.0:
  version "1.1.0"
  resolved "https://packages.tuhuyun.cn/artifactory/api/npm/npm/doctypes/download/doctypes-1.1.0.tgz#ea80b106a87538774e8a3a4a5afe293de489e0a9"
  integrity sha1-6oCxBqh1OHdOijpKWv4pPeSJ4Kk=

dom-serializer@^1.0.1:
  version "1.3.2"
  resolved "https://packages.tuhuyun.cn/artifactory/api/npm/npm/dom-serializer/download/dom-serializer-1.3.2.tgz#6206437d32ceefaec7161803230c7a20bc1b4d91"
  integrity sha1-YgZDfTLO767HFhgDIwx6ILwbTZE=
  dependencies:
    domelementtype "^2.0.1"
    domhandler "^4.2.0"
    entities "^2.0.0"

domelementtype@^2.0.1, domelementtype@^2.2.0:
  version "2.2.0"
  resolved "https://packages.tuhuyun.cn/artifactory/api/npm/npm/domelementtype/download/domelementtype-2.2.0.tgz#9a0b6c2782ed6a1c7323d42267183df9bd8b1d57"
  integrity sha1-mgtsJ4LtahxzI9QiZxg9+b2LHVc=

domhandler@^4.2.0, domhandler@^4.2.2:
  version "4.3.0"
  resolved "https://packages.tuhuyun.cn/artifactory/api/npm/npm/domhandler/download/domhandler-4.3.0.tgz#16c658c626cf966967e306f966b431f77d4a5626"
  integrity sha1-FsZYxibPlmln4wb5ZrQx931KViY=
  dependencies:
    domelementtype "^2.2.0"

domutils@^2.8.0:
  version "2.8.0"
  resolved "https://packages.tuhuyun.cn/artifactory/api/npm/npm/domutils/download/domutils-2.8.0.tgz#4437def5db6e2d1f5d6ee859bd95ca7d02048135"
  integrity sha1-RDfe9dtuLR9dbuhZvZXKfQIEgTU=
  dependencies:
    dom-serializer "^1.0.1"
    domelementtype "^2.2.0"
    domhandler "^4.2.0"

emmet@^2.3.0:
  version "2.3.5"
  resolved "https://packages.tuhuyun.cn/artifactory/api/npm/npm/emmet/download/emmet-2.3.5.tgz#7f80f9c3db6831d1ee2b458717b9c36a074b1a47"
  integrity sha1-f4D5w9toMdHuK0WHF7nDagdLGkc=
  dependencies:
    "@emmetio/abbreviation" "^2.2.2"
    "@emmetio/css-abbreviation" "^2.1.4"

entities@^2.0.0:
  version "2.2.0"
  resolved "https://packages.tuhuyun.cn/artifactory/api/npm/npm/entities/download/entities-2.2.0.tgz#098dc90ebb83d8dffa089d55256b351d34c4da55"
  integrity sha1-CY3JDruD2N/6CJ1VJWs1HTTE2lU=

entities@^3.0.1:
  version "3.0.1"
  resolved "https://packages.tuhuyun.cn/artifactory/api/npm/npm/entities/download/entities-3.0.1.tgz#2b887ca62585e96db3903482d336c1006c3001d4"
  integrity sha1-K4h8piWF6W2zkDSC0zbBAGwwAdQ=

errno@^0.1.1:
  version "0.1.8"
  resolved "https://packages.tuhuyun.cn/artifactory/api/npm/npm/errno/download/errno-0.1.8.tgz#8bb3e9c7d463be4976ff888f76b4809ebc2e811f"
  integrity sha1-i7Ppx9Rjvkl2/4iPdrSAnrwugR8=
  dependencies:
    prr "~1.0.1"

esbuild-android-arm64@0.13.15:
  version "0.13.15"
  resolved "https://packages.tuhuyun.cn/artifactory/api/npm/npm/esbuild-android-arm64/download/esbuild-android-arm64-0.13.15.tgz#3fc3ff0bab76fe35dd237476b5d2b32bb20a3d44"
  integrity sha1-P8P/C6t2/jXdI3R2tdKzK7IKPUQ=

esbuild-darwin-64@0.13.15:
  version "0.13.15"
  resolved "https://packages.tuhuyun.cn/artifactory/api/npm/npm/esbuild-darwin-64/download/esbuild-darwin-64-0.13.15.tgz#8e9169c16baf444eacec60d09b24d11b255a8e72"
  integrity sha1-jpFpwWuvRE6s7GDQmyTRGyVajnI=

esbuild-darwin-arm64@0.13.15:
  version "0.13.15"
  resolved "https://packages.tuhuyun.cn/artifactory/api/npm/npm/esbuild-darwin-arm64/download/esbuild-darwin-arm64-0.13.15.tgz#1b07f893b632114f805e188ddfca41b2b778229a"
  integrity sha1-Gwf4k7YyEU+AXhiN38pBsrd4Ipo=

esbuild-freebsd-64@0.13.15:
  version "0.13.15"
  resolved "https://packages.tuhuyun.cn/artifactory/api/npm/npm/esbuild-freebsd-64/download/esbuild-freebsd-64-0.13.15.tgz#0b8b7eca1690c8ec94c75680c38c07269c1f4a85"
  integrity sha1-C4t+yhaQyOyUx1aAw4wHJpwfSoU=

esbuild-freebsd-arm64@0.13.15:
  version "0.13.15"
  resolved "https://packages.tuhuyun.cn/artifactory/api/npm/npm/esbuild-freebsd-arm64/download/esbuild-freebsd-arm64-0.13.15.tgz#2e1a6c696bfdcd20a99578b76350b41db1934e52"
  integrity sha1-LhpsaWv9zSCplXi3Y1C0HbGTTlI=

esbuild-linux-32@0.13.15:
  version "0.13.15"
  resolved "https://packages.tuhuyun.cn/artifactory/api/npm/npm/esbuild-linux-32/download/esbuild-linux-32-0.13.15.tgz#6fd39f36fc66dd45b6b5f515728c7bbebc342a69"
  integrity sha1-b9OfNvxm3UW2tfUVcox7vrw0Kmk=

esbuild-linux-64@0.13.15:
  version "0.13.15"
  resolved "https://packages.tuhuyun.cn/artifactory/api/npm/npm/esbuild-linux-64/download/esbuild-linux-64-0.13.15.tgz#9cb8e4bcd7574e67946e4ee5f1f1e12386bb6dd3"
  integrity sha1-nLjkvNdXTmeUbk7l8fHhI4a7bdM=

esbuild-linux-arm64@0.13.15:
  version "0.13.15"
  resolved "https://packages.tuhuyun.cn/artifactory/api/npm/npm/esbuild-linux-arm64/download/esbuild-linux-arm64-0.13.15.tgz#3891aa3704ec579a1b92d2a586122e5b6a2bfba1"
  integrity sha1-OJGqNwTsV5obktKlhhIuW2or+6E=

esbuild-linux-arm@0.13.15:
  version "0.13.15"
  resolved "https://packages.tuhuyun.cn/artifactory/api/npm/npm/esbuild-linux-arm/download/esbuild-linux-arm-0.13.15.tgz#8a00e99e6a0c6c9a6b7f334841364d8a2b4aecfe"
  integrity sha1-igDpnmoMbJprfzNIQTZNiitK7P4=

esbuild-linux-mips64le@0.13.15:
  version "0.13.15"
  resolved "https://packages.tuhuyun.cn/artifactory/api/npm/npm/esbuild-linux-mips64le/download/esbuild-linux-mips64le-0.13.15.tgz#36b07cc47c3d21e48db3bb1f4d9ef8f46aead4f7"
  integrity sha1-NrB8xHw9IeSNs7sfTZ749Grq1Pc=

esbuild-linux-ppc64le@0.13.15:
  version "0.13.15"
  resolved "https://packages.tuhuyun.cn/artifactory/api/npm/npm/esbuild-linux-ppc64le/download/esbuild-linux-ppc64le-0.13.15.tgz#f7e6bba40b9a11eb9dcae5b01550ea04670edad2"
  integrity sha1-9+a7pAuaEeudyuWwFVDqBGcO2tI=

esbuild-netbsd-64@0.13.15:
  version "0.13.15"
  resolved "https://packages.tuhuyun.cn/artifactory/api/npm/npm/esbuild-netbsd-64/download/esbuild-netbsd-64-0.13.15.tgz#a2fedc549c2b629d580a732d840712b08d440038"
  integrity sha1-ov7cVJwrYp1YCnMthAcSsI1EADg=

esbuild-openbsd-64@0.13.15:
  version "0.13.15"
  resolved "https://packages.tuhuyun.cn/artifactory/api/npm/npm/esbuild-openbsd-64/download/esbuild-openbsd-64-0.13.15.tgz#b22c0e5806d3a1fbf0325872037f885306b05cd7"
  integrity sha1-siwOWAbTofvwMlhyA3+IUwawXNc=

esbuild-sunos-64@0.13.15:
  version "0.13.15"
  resolved "https://packages.tuhuyun.cn/artifactory/api/npm/npm/esbuild-sunos-64/download/esbuild-sunos-64-0.13.15.tgz#d0b6454a88375ee8d3964daeff55c85c91c7cef4"
  integrity sha1-0LZFSog3XujTlk2u/1XIXJHHzvQ=

esbuild-windows-32@0.13.15:
  version "0.13.15"
  resolved "https://packages.tuhuyun.cn/artifactory/api/npm/npm/esbuild-windows-32/download/esbuild-windows-32-0.13.15.tgz#c96d0b9bbb52f3303322582ef8e4847c5ad375a7"
  integrity sha1-yW0Lm7tS8zAzIlgu+OSEfFrTdac=

esbuild-windows-64@0.13.15:
  version "0.13.15"
  resolved "https://packages.tuhuyun.cn/artifactory/api/npm/npm/esbuild-windows-64/download/esbuild-windows-64-0.13.15.tgz#1f79cb9b1e1bb02fb25cd414cb90d4ea2892c294"
  integrity sha1-H3nLmx4bsC+yXNQUy5DU6iiSwpQ=

esbuild-windows-arm64@0.13.15:
  version "0.13.15"
  resolved "https://packages.tuhuyun.cn/artifactory/api/npm/npm/esbuild-windows-arm64/download/esbuild-windows-arm64-0.13.15.tgz#482173070810df22a752c686509c370c3be3b3c3"
  integrity sha1-SCFzBwgQ3yKnUsaGUJw3DDvjs8M=

esbuild@^0.13.12:
  version "0.13.15"
  resolved "https://packages.tuhuyun.cn/artifactory/api/npm/npm/esbuild/download/esbuild-0.13.15.tgz#db56a88166ee373f87dbb2d8798ff449e0450cdf"
  integrity sha1-21aogWbuNz+H27LYeY/0SeBFDN8=
  optionalDependencies:
    esbuild-android-arm64 "0.13.15"
    esbuild-darwin-64 "0.13.15"
    esbuild-darwin-arm64 "0.13.15"
    esbuild-freebsd-64 "0.13.15"
    esbuild-freebsd-arm64 "0.13.15"
    esbuild-linux-32 "0.13.15"
    esbuild-linux-64 "0.13.15"
    esbuild-linux-arm "0.13.15"
    esbuild-linux-arm64 "0.13.15"
    esbuild-linux-mips64le "0.13.15"
    esbuild-linux-ppc64le "0.13.15"
    esbuild-netbsd-64 "0.13.15"
    esbuild-openbsd-64 "0.13.15"
    esbuild-sunos-64 "0.13.15"
    esbuild-windows-32 "0.13.15"
    esbuild-windows-64 "0.13.15"
    esbuild-windows-arm64 "0.13.15"

estree-walker@^2.0.2:
  version "2.0.2"
  resolved "https://packages.tuhuyun.cn/artifactory/api/npm/npm/estree-walker/download/estree-walker-2.0.2.tgz#52f010178c2a4c117a7757cfe942adb7d2da4cac"
  integrity sha1-UvAQF4wqTBF6d1fP6UKtt9LaTKw=

fsevents@~2.3.2:
  version "2.3.2"
  resolved "https://packages.tuhuyun.cn/artifactory/api/npm/npm/fsevents/download/fsevents-2.3.2.tgz#8a526f78b8fdf4623b709e0b975c52c24c02fd1a"
  integrity sha1-ilJveLj99GI7cJ4Ll1xSwkwC/Ro=

function-bind@^1.1.1:
  version "1.1.1"
  resolved "https://packages.tuhuyun.cn/artifactory/api/npm/npm/function-bind/download/function-bind-1.1.1.tgz#a56899d3ea3c9bab874bb9773b7c5ede92f4895d"
  integrity sha1-pWiZ0+o8m6uHS7l3O3xe3pL0iV0=

get-intrinsic@^1.0.2:
  version "1.1.1"
  resolved "https://packages.tuhuyun.cn/artifactory/api/npm/npm/get-intrinsic/download/get-intrinsic-1.1.1.tgz#15f59f376f855c446963948f0d24cd3637b4abc6"
  integrity sha1-FfWfN2+FXERpY5SPDSTNNje0q8Y=
  dependencies:
    function-bind "^1.1.1"
    has "^1.0.3"
    has-symbols "^1.0.1"

graceful-fs@^4.1.2:
  version "4.2.9"
  resolved "https://packages.tuhuyun.cn/artifactory/api/npm/npm/graceful-fs/download/graceful-fs-4.2.9.tgz#041b05df45755e587a24942279b9d113146e1c96"
  integrity sha1-BBsF30V1Xlh6JJQiebnRExRuHJY=

has-symbols@^1.0.1, has-symbols@^1.0.2:
  version "1.0.2"
  resolved "https://packages.tuhuyun.cn/artifactory/api/npm/npm/has-symbols/download/has-symbols-1.0.2.tgz#165d3070c00309752a1236a479331e3ac56f1423"
  integrity sha1-Fl0wcMADCXUqEjakeTMeOsVvFCM=

has-tostringtag@^1.0.0:
  version "1.0.0"
  resolved "https://packages.tuhuyun.cn/artifactory/api/npm/npm/has-tostringtag/download/has-tostringtag-1.0.0.tgz#7e133818a7d394734f941e73c3d3f9291e658b25"
  integrity sha1-fhM4GKfTlHNPlB5zw9P5KR5liyU=
  dependencies:
    has-symbols "^1.0.2"

has@^1.0.3:
  version "1.0.3"
  resolved "https://packages.tuhuyun.cn/artifactory/api/npm/npm/has/download/has-1.0.3.tgz#722d7cbfc1f6aa8241f16dd814e011e1f41e8796"
  integrity sha1-ci18v8H2qoJB8W3YFOAR4fQeh5Y=
  dependencies:
    function-bind "^1.1.1"

htmlparser2@^7.1.2:
  version "7.2.0"
  resolved "https://packages.tuhuyun.cn/artifactory/api/npm/npm/htmlparser2/download/htmlparser2-7.2.0.tgz#8817cdea38bbc324392a90b1990908e81a65f5a5"
  integrity sha1-iBfN6ji7wyQ5KpCxmQkI6Bpl9aU=
  dependencies:
    domelementtype "^2.0.1"
    domhandler "^4.2.2"
    domutils "^2.8.0"
    entities "^3.0.1"

iconv-lite@^0.4.4:
  version "0.4.24"
  resolved "https://packages.tuhuyun.cn/artifactory/api/npm/npm/iconv-lite/download/iconv-lite-0.4.24.tgz#2022b4b25fbddc21d2f524974a474aafe733908b"
  integrity sha1-ICK0sl+93CHS9SSXSkdKr+czkIs=
  dependencies:
    safer-buffer ">= 2.1.2 < 3"

image-size@~0.5.0:
  version "0.5.5"
  resolved "https://packages.tuhuyun.cn/artifactory/api/npm/npm/image-size/download/image-size-0.5.5.tgz#09dfd4ab9d20e29eb1c3e80b8990378df9e3cb9c"
  integrity sha1-Cd/Uq50g4p6xw+gLiZA3jfnjy5w=

is-core-module@^2.8.1:
  version "2.8.1"
  resolved "https://packages.tuhuyun.cn/artifactory/api/npm/npm/is-core-module/download/is-core-module-2.8.1.tgz#f59fdfca701d5879d0a6b100a40aa1560ce27211"
  integrity sha1-9Z/fynAdWHnQprEApAqhVgzichE=
  dependencies:
    has "^1.0.3"

is-expression@^4.0.0:
  version "4.0.0"
  resolved "https://packages.tuhuyun.cn/artifactory/api/npm/npm/is-expression/download/is-expression-4.0.0.tgz#c33155962abf21d0afd2552514d67d2ec16fd2ab"
  integrity sha1-wzFVliq/IdCv0lUlFNZ9LsFv0qs=
  dependencies:
    acorn "^7.1.1"
    object-assign "^4.1.1"

is-promise@^2.0.0:
  version "2.2.2"
  resolved "https://packages.tuhuyun.cn/artifactory/api/npm/npm/is-promise/download/is-promise-2.2.2.tgz#39ab959ccbf9a774cf079f7b40c7a26f763135f1"
  integrity sha1-OauVnMv5p3TPB597QMeib3YxNfE=

is-regex@^1.0.3:
  version "1.1.4"
  resolved "https://packages.tuhuyun.cn/artifactory/api/npm/npm/is-regex/download/is-regex-1.1.4.tgz#eef5663cd59fa4c0ae339505323df6854bb15958"
  integrity sha1-7vVmPNWfpMCuM5UFMj32hUuxWVg=
  dependencies:
    call-bind "^1.0.2"
    has-tostringtag "^1.0.0"

is-what@^3.14.1:
  version "3.14.1"
  resolved "https://packages.tuhuyun.cn/artifactory/api/npm/npm/is-what/download/is-what-3.14.1.tgz#e1222f46ddda85dead0fd1c9df131760e77755c1"
  integrity sha1-4SIvRt3ahd6tD9HJ3xMXYOd3VcE=

js-stringify@^1.0.2:
  version "1.0.2"
  resolved "https://packages.tuhuyun.cn/artifactory/api/npm/npm/js-stringify/download/js-stringify-1.0.2.tgz#1736fddfd9724f28a3682adc6230ae7e4e9679db"
  integrity sha1-Fzb939lyTyijaCrcYjCufk6Weds=

jsonc-parser@^2.3.0:
  version "2.3.1"
  resolved "https://packages.tuhuyun.cn/artifactory/api/npm/npm/jsonc-parser/download/jsonc-parser-2.3.1.tgz#59549150b133f2efacca48fe9ce1ec0659af2342"
  integrity sha1-WVSRULEz8u+sykj+nOHsBlmvI0I=

jsonc-parser@^3.0.0:
  version "3.0.0"
  resolved "https://packages.tuhuyun.cn/artifactory/api/npm/npm/jsonc-parser/download/jsonc-parser-3.0.0.tgz#abdd785701c7e7eaca8a9ec8cf070ca51a745a22"
  integrity sha1-q914VwHH5+rKip7IzwcMpRp0WiI=

jstransformer@1.0.0:
  version "1.0.0"
  resolved "https://packages.tuhuyun.cn/artifactory/api/npm/npm/jstransformer/download/jstransformer-1.0.0.tgz#ed8bf0921e2f3f1ed4d5c1a44f68709ed24722c3"
  integrity sha1-7Yvwkh4vPx7U1cGkT2hwntJHIsM=
  dependencies:
    is-promise "^2.0.0"
    promise "^7.0.1"

less@^4.1.2:
  version "4.1.2"
  resolved "https://packages.tuhuyun.cn/artifactory/api/npm/npm/less/download/less-4.1.2.tgz#6099ee584999750c2624b65f80145f8674e4b4b0"
  integrity sha1-YJnuWEmZdQwmJLZfgBRfhnTktLA=
  dependencies:
    copy-anything "^2.0.1"
    parse-node-version "^1.0.1"
    tslib "^2.3.0"
  optionalDependencies:
    errno "^0.1.1"
    graceful-fs "^4.1.2"
    image-size "~0.5.0"
    make-dir "^2.1.0"
    mime "^1.4.1"
    needle "^2.5.2"
    source-map "~0.6.0"

lru-cache@^6.0.0:
  version "6.0.0"
  resolved "https://packages.tuhuyun.cn/artifactory/api/npm/npm/lru-cache/download/lru-cache-6.0.0.tgz#6d6fe6570ebd96aaf90fcad1dafa3b2566db3a94"
  integrity sha1-bW/mVw69lqr5D8rR2vo7JWbbOpQ=
  dependencies:
    yallist "^4.0.0"

magic-string@^0.25.7:
  version "0.25.7"
  resolved "https://packages.tuhuyun.cn/artifactory/api/npm/npm/magic-string/download/magic-string-0.25.7.tgz#3f497d6fd34c669c6798dcb821f2ef31f5445051"
  integrity sha1-P0l9b9NMZpxnmNy4IfLvMfVEUFE=
  dependencies:
    sourcemap-codec "^1.4.4"

make-dir@^2.1.0:
  version "2.1.0"
  resolved "https://packages.tuhuyun.cn/artifactory/api/npm/npm/make-dir/download/make-dir-2.1.0.tgz#5f0310e18b8be898cc07009295a30ae41e91e6f5"
  integrity sha1-XwMQ4YuL6JjMBwCSlaMK5B6R5vU=
  dependencies:
    pify "^4.0.1"
    semver "^5.6.0"

mime@^1.4.1:
  version "1.6.0"
  resolved "https://packages.tuhuyun.cn/artifactory/api/npm/npm/mime/download/mime-1.6.0.tgz#32cd9e5c64553bd58d19a568af452acff04981b1"
  integrity sha1-Ms2eXGRVO9WNGaVor0Uqz/BJgbE=

ms@^2.1.1:
  version "2.1.3"
  resolved "https://packages.tuhuyun.cn/artifactory/api/npm/npm/ms/download/ms-2.1.3.tgz#574c8138ce1d2b5861f0b44579dbadd60c6615b2"
  integrity sha1-V0yBOM4dK1hh8LRFedut1gxmFbI=

nanoid@^3.1.30:
  version "3.2.0"
  resolved "https://packages.tuhuyun.cn/artifactory/api/npm/npm/nanoid/download/nanoid-3.2.0.tgz#62667522da6673971cca916a6d3eff3f415ff80c"
  integrity sha1-YmZ1Itpmc5ccypFqbT7/P0Ff+Aw=

needle@^2.5.2:
  version "2.9.1"
  resolved "https://packages.tuhuyun.cn/artifactory/api/npm/npm/needle/download/needle-2.9.1.tgz#22d1dffbe3490c2b83e301f7709b6736cd8f2684"
  integrity sha1-ItHf++NJDCuD4wH3cJtnNs2PJoQ=
  dependencies:
    debug "^3.2.6"
    iconv-lite "^0.4.4"
    sax "^1.2.4"

object-assign@^4.1.1:
  version "4.1.1"
  resolved "https://packages.tuhuyun.cn/artifactory/api/npm/npm/object-assign/download/object-assign-4.1.1.tgz#2109adc7965887cfc05cbbd442cac8bfbb360863"
  integrity sha1-IQmtx5ZYh8/AXLvUQsrIv7s2CGM=

parse-node-version@^1.0.1:
  version "1.0.1"
  resolved "https://packages.tuhuyun.cn/artifactory/api/npm/npm/parse-node-version/download/parse-node-version-1.0.1.tgz#e2b5dbede00e7fa9bc363607f53327e8b073189b"
  integrity sha1-4rXb7eAOf6m8NjYH9TMn6LBzGJs=

path-parse@^1.0.7:
  version "1.0.7"
  resolved "https://packages.tuhuyun.cn/artifactory/api/npm/npm/path-parse/download/path-parse-1.0.7.tgz#fbc114b60ca42b30d9daf5858e4bd68bbedb6735"
  integrity sha1-+8EUtgykKzDZ2vWFjkvWi77bZzU=

picocolors@^1.0.0:
  version "1.0.0"
  resolved "https://packages.tuhuyun.cn/artifactory/api/npm/npm/picocolors/download/picocolors-1.0.0.tgz#cb5bdc74ff3f51892236eaf79d68bc44564ab81c"
  integrity sha1-y1vcdP8/UYkiNur3nWi8RFZKuBw=

pify@^4.0.1:
  version "4.0.1"
  resolved "https://packages.tuhuyun.cn/artifactory/api/npm/npm/pify/download/pify-4.0.1.tgz#4b2cd25c50d598735c50292224fd8c6df41e3231"
  integrity sha1-SyzSXFDVmHNcUCkiJP2MbfQeMjE=

postcss@^8.1.10, postcss@^8.4.5:
  version "8.4.5"
  resolved "https://packages.tuhuyun.cn/artifactory/api/npm/npm/postcss/download/postcss-8.4.5.tgz#bae665764dfd4c6fcc24dc0fdf7e7aa00cc77f95"
  integrity sha1-uuZldk39TG/MJNwP3356oAzHf5U=
  dependencies:
    nanoid "^3.1.30"
    picocolors "^1.0.0"
    source-map-js "^1.0.1"

promise@^7.0.1:
  version "7.3.1"
  resolved "https://packages.tuhuyun.cn/artifactory/api/npm/npm/promise/download/promise-7.3.1.tgz#064b72602b18f90f29192b8b1bc418ffd1ebd3bf"
  integrity sha1-BktyYCsY+Q8pGSuLG8QY/9Hr078=
  dependencies:
    asap "~2.0.3"

prr@~1.0.1:
  version "1.0.1"
  resolved "https://packages.tuhuyun.cn/artifactory/api/npm/npm/prr/download/prr-1.0.1.tgz#d3fc114ba06995a45ec6893f484ceb1d78f5f476"
  integrity sha1-0/wRS6BplaRexok/SEzrHXj19HY=

pug-attrs@^3.0.0:
  version "3.0.0"
  resolved "https://packages.tuhuyun.cn/artifactory/api/npm/npm/pug-attrs/download/pug-attrs-3.0.0.tgz#b10451e0348165e31fad1cc23ebddd9dc7347c41"
  integrity sha1-sQRR4DSBZeMfrRzCPr3dncc0fEE=
  dependencies:
    constantinople "^4.0.1"
    js-stringify "^1.0.2"
    pug-runtime "^3.0.0"

pug-code-gen@^3.0.2:
  version "3.0.2"
  resolved "https://packages.tuhuyun.cn/artifactory/api/npm/npm/pug-code-gen/download/pug-code-gen-3.0.2.tgz#ad190f4943133bf186b60b80de483100e132e2ce"
  integrity sha1-rRkPSUMTO/GGtguA3kgxAOEy4s4=
  dependencies:
    constantinople "^4.0.1"
    doctypes "^1.1.0"
    js-stringify "^1.0.2"
    pug-attrs "^3.0.0"
    pug-error "^2.0.0"
    pug-runtime "^3.0.0"
    void-elements "^3.1.0"
    with "^7.0.0"

pug-error@^2.0.0:
  version "2.0.0"
  resolved "https://packages.tuhuyun.cn/artifactory/api/npm/npm/pug-error/download/pug-error-2.0.0.tgz#5c62173cb09c34de2a2ce04f17b8adfec74d8ca5"
  integrity sha1-XGIXPLCcNN4qLOBPF7it/sdNjKU=

pug-filters@^4.0.0:
  version "4.0.0"
  resolved "https://packages.tuhuyun.cn/artifactory/api/npm/npm/pug-filters/download/pug-filters-4.0.0.tgz#d3e49af5ba8472e9b7a66d980e707ce9d2cc9b5e"
  integrity sha1-0+Sa9bqEcum3pm2YDnB86dLMm14=
  dependencies:
    constantinople "^4.0.1"
    jstransformer "1.0.0"
    pug-error "^2.0.0"
    pug-walk "^2.0.0"
    resolve "^1.15.1"

pug-lexer@^5.0.1:
  version "5.0.1"
  resolved "https://packages.tuhuyun.cn/artifactory/api/npm/npm/pug-lexer/download/pug-lexer-5.0.1.tgz#ae44628c5bef9b190b665683b288ca9024b8b0d5"
  integrity sha1-rkRijFvvmxkLZlaDsojKkCS4sNU=
  dependencies:
    character-parser "^2.2.0"
    is-expression "^4.0.0"
    pug-error "^2.0.0"

pug-linker@^4.0.0:
  version "4.0.0"
  resolved "https://packages.tuhuyun.cn/artifactory/api/npm/npm/pug-linker/download/pug-linker-4.0.0.tgz#12cbc0594fc5a3e06b9fc59e6f93c146962a7708"
  integrity sha1-EsvAWU/Fo+Brn8Web5PBRpYqdwg=
  dependencies:
    pug-error "^2.0.0"
    pug-walk "^2.0.0"

pug-load@^3.0.0:
  version "3.0.0"
  resolved "https://packages.tuhuyun.cn/artifactory/api/npm/npm/pug-load/download/pug-load-3.0.0.tgz#9fd9cda52202b08adb11d25681fb9f34bd41b662"
  integrity sha1-n9nNpSICsIrbEdJWgfufNL1BtmI=
  dependencies:
    object-assign "^4.1.1"
    pug-walk "^2.0.0"

pug-parser@^6.0.0:
  version "6.0.0"
  resolved "https://packages.tuhuyun.cn/artifactory/api/npm/npm/pug-parser/download/pug-parser-6.0.0.tgz#a8fdc035863a95b2c1dc5ebf4ecf80b4e76a1260"
  integrity sha1-qP3ANYY6lbLB3F6/Ts+AtOdqEmA=
  dependencies:
    pug-error "^2.0.0"
    token-stream "1.0.0"

pug-runtime@^3.0.0, pug-runtime@^3.0.1:
  version "3.0.1"
  resolved "https://packages.tuhuyun.cn/artifactory/api/npm/npm/pug-runtime/download/pug-runtime-3.0.1.tgz#f636976204723f35a8c5f6fad6acda2a191b83d7"
  integrity sha1-9jaXYgRyPzWoxfb61qzaKhkbg9c=

pug-strip-comments@^2.0.0:
  version "2.0.0"
  resolved "https://packages.tuhuyun.cn/artifactory/api/npm/npm/pug-strip-comments/download/pug-strip-comments-2.0.0.tgz#f94b07fd6b495523330f490a7f554b4ff876303e"
  integrity sha1-+UsH/WtJVSMzD0kKf1VLT/h2MD4=
  dependencies:
    pug-error "^2.0.0"

pug-walk@^2.0.0:
  version "2.0.0"
  resolved "https://packages.tuhuyun.cn/artifactory/api/npm/npm/pug-walk/download/pug-walk-2.0.0.tgz#417aabc29232bb4499b5b5069a2b2d2a24d5f5fe"
  integrity sha1-QXqrwpIyu0SZtbUGmistKiTV9f4=

pug@^3.0.2:
  version "3.0.2"
  resolved "https://packages.tuhuyun.cn/artifactory/api/npm/npm/pug/download/pug-3.0.2.tgz#f35c7107343454e43bc27ae0ff76c731b78ea535"
  integrity sha1-81xxBzQ0VOQ7wnrg/3bHMbeOpTU=
  dependencies:
    pug-code-gen "^3.0.2"
    pug-filters "^4.0.0"
    pug-lexer "^5.0.1"
    pug-linker "^4.0.0"
    pug-load "^3.0.0"
    pug-parser "^6.0.0"
    pug-runtime "^3.0.1"
    pug-strip-comments "^2.0.0"

request-light@^0.5.4:
  version "0.5.7"
  resolved "https://packages.tuhuyun.cn/artifactory/api/npm/npm/request-light/download/request-light-0.5.7.tgz#1c448c22153b55d2cd278eb414df24a5ad6e6d5e"
  integrity sha1-HESMIhU7VdLNJ460FN8kpa1ubV4=

resolve@^1.15.1, resolve@^1.20.0:
  version "1.22.0"
  resolved "https://packages.tuhuyun.cn/artifactory/api/npm/npm/resolve/download/resolve-1.22.0.tgz#5e0b8c67c15df57a89bdbabe603a002f21731198"
  integrity sha1-XguMZ8Fd9XqJvbq+YDoALyFzEZg=
  dependencies:
    is-core-module "^2.8.1"
    path-parse "^1.0.7"
    supports-preserve-symlinks-flag "^1.0.0"

rollup@^2.59.0:
  version "2.66.1"
  resolved "https://packages.tuhuyun.cn/artifactory/api/npm/npm/rollup/download/rollup-2.66.1.tgz#366b0404de353c4331d538c3ad2963934fcb4937"
  integrity sha1-NmsEBN41PEMx1TjDrSljk0/LSTc=
  optionalDependencies:
    fsevents "~2.3.2"

"safer-buffer@>= 2.1.2 < 3":
  version "2.1.2"
  resolved "https://packages.tuhuyun.cn/artifactory/api/npm/npm/safer-buffer/download/safer-buffer-2.1.2.tgz#44fa161b0187b9549dd84bb91802f9bd8385cd6a"
  integrity sha1-RPoWGwGHuVSd2Eu5GAL5vYOFzWo=

sax@^1.2.4:
  version "1.2.4"
  resolved "https://packages.tuhuyun.cn/artifactory/api/npm/npm/sax/download/sax-1.2.4.tgz#2816234e2378bddc4e5354fab5caa895df7100d9"
  integrity sha1-KBYjTiN4vdxOU1T6tcqold9xANk=

semver@^5.6.0:
  version "5.7.1"
  resolved "https://packages.tuhuyun.cn/artifactory/api/npm/npm/semver/download/semver-5.7.1.tgz#a954f931aeba508d307bbf069eff0c01c96116f7"
  integrity sha1-qVT5Ma66UI0we78Gnv8MAclhFvc=

semver@^7.3.5:
  version "7.3.5"
  resolved "https://packages.tuhuyun.cn/artifactory/api/npm/npm/semver/download/semver-7.3.5.tgz#0b621c879348d8998e4b0e4be94b3f12e6018ef7"
  integrity sha1-C2Ich5NI2JmOSw5L6Us/EuYBjvc=
  dependencies:
    lru-cache "^6.0.0"

source-map-js@^1.0.1:
  version "1.0.2"
  resolved "https://packages.tuhuyun.cn/artifactory/api/npm/npm/source-map-js/download/source-map-js-1.0.2.tgz#adbc361d9c62df380125e7f161f71c826f1e490c"
  integrity sha1-rbw2HZxi3zgBJefxYfccgm8eSQw=

source-map@^0.6.1, source-map@~0.6.0:
  version "0.6.1"
  resolved "https://packages.tuhuyun.cn/artifactory/api/npm/npm/source-map/download/source-map-0.6.1.tgz#74722af32e9614e9c287a8d0bbde48b5e2f1a263"
  integrity sha1-dHIq8y6WFOnCh6jQu95IteLxomM=

sourcemap-codec@^1.4.4:
  version "1.4.8"
  resolved "https://packages.tuhuyun.cn/artifactory/api/npm/npm/sourcemap-codec/download/sourcemap-codec-1.4.8.tgz#ea804bd94857402e6992d05a38ef1ae35a9ab4c4"
  integrity sha1-6oBL2UhXQC5pktBaOO8a41qatMQ=

supports-preserve-symlinks-flag@^1.0.0:
  version "1.0.0"
  resolved "https://packages.tuhuyun.cn/artifactory/api/npm/npm/supports-preserve-symlinks-flag/download/supports-preserve-symlinks-flag-1.0.0.tgz#6eda4bd344a3c94aea376d4cc31bc77311039e09"
  integrity sha1-btpL00SjyUrqN21MwxvHcxEDngk=

to-fast-properties@^2.0.0:
  version "2.0.0"
  resolved "https://packages.tuhuyun.cn/artifactory/api/npm/npm/to-fast-properties/download/to-fast-properties-2.0.0.tgz#dc5e698cbd079265bc73e0377681a4e4e83f616e"
  integrity sha1-3F5pjL0HkmW8c+A3doGk5Og/YW4=

token-stream@1.0.0:
  version "1.0.0"
  resolved "https://packages.tuhuyun.cn/artifactory/api/npm/npm/token-stream/download/token-stream-1.0.0.tgz#cc200eab2613f4166d27ff9afc7ca56d49df6eb4"
  integrity sha1-zCAOqyYT9BZtJ/+a/HylbUnfbrQ=

tslib@^2.3.0:
  version "2.3.1"
  resolved "https://packages.tuhuyun.cn/artifactory/api/npm/npm/tslib/download/tslib-2.3.1.tgz#e8a335add5ceae51aa261d32a490158ef042ef01"
  integrity sha1-6KM1rdXOrlGqJh0ypJAVjvBC7wE=

typescript@^4.4.4:
  version "4.5.5"
  resolved "https://packages.tuhuyun.cn/artifactory/api/npm/npm/typescript/download/typescript-4.5.5.tgz#d8c953832d28924a9e3d37c73d729c846c5896f3"
  integrity sha1-2MlTgy0okkqePTfHPXKchGxYlvM=

upath@^2.0.1:
  version "2.0.1"
  resolved "https://packages.tuhuyun.cn/artifactory/api/npm/npm/upath/download/upath-2.0.1.tgz#50c73dea68d6f6b990f51d279ce6081665d61a8b"
  integrity sha1-UMc96mjW9rmQ9R0nnOYIFmXWGos=

vite@^2.7.2:
  version "2.7.13"
  resolved "https://packages.tuhuyun.cn/artifactory/api/npm/npm/vite/download/vite-2.7.13.tgz#99b56e27dfb1e4399e407cf94648f5c7fb9d77f5"
  integrity sha1-mbVuJ9+x5DmeQHz5Rkj1x/udd/U=
  dependencies:
    esbuild "^0.13.12"
    postcss "^8.4.5"
    resolve "^1.20.0"
    rollup "^2.59.0"
  optionalDependencies:
    fsevents "~2.3.2"

void-elements@^3.1.0:
  version "3.1.0"
  resolved "https://packages.tuhuyun.cn/artifactory/api/npm/npm/void-elements/download/void-elements-3.1.0.tgz#614f7fbf8d801f0bb5f0661f5b2f5785750e4f09"
  integrity sha1-YU9/v42AHwu18GYfWy9XhXUOTwk=

vscode-css-languageservice@^5.1.7:
  version "5.1.12"
  resolved "https://packages.tuhuyun.cn/artifactory/api/npm/npm/vscode-css-languageservice/download/vscode-css-languageservice-5.1.12.tgz#eed3a6a1bb8a7a70636ef07cd742a034c71635a1"
  integrity sha1-7tOmobuKenBjbvB810KgNMcWNaE=
  dependencies:
    vscode-languageserver-textdocument "^1.0.1"
    vscode-languageserver-types "^3.16.0"
    vscode-nls "^5.0.0"
    vscode-uri "^3.0.2"

vscode-html-languageservice@^4.1.0:
  version "4.2.1"
  resolved "https://packages.tuhuyun.cn/artifactory/api/npm/npm/vscode-html-languageservice/download/vscode-html-languageservice-4.2.1.tgz#b95077cffd19bf187e53c7bf79e3e0dd7edbc7cf"
  integrity sha1-uVB3z/0Zvxh+U8e/eePg3X7bx88=
  dependencies:
    vscode-languageserver-textdocument "^1.0.1"
    vscode-languageserver-types "^3.16.0"
    vscode-nls "^5.0.0"
    vscode-uri "^3.0.2"

vscode-json-languageservice@^4.1.8:
  version "4.2.0"
  resolved "https://packages.tuhuyun.cn/artifactory/api/npm/npm/vscode-json-languageservice/download/vscode-json-languageservice-4.2.0.tgz#df0693b69ba2fbf0a6add896087b6f1c9c38f06a"
  integrity sha1-3waTtpui+/CmrdiWCHtvHJw48Go=
  dependencies:
    jsonc-parser "^3.0.0"
    vscode-languageserver-textdocument "^1.0.3"
    vscode-languageserver-types "^3.16.0"
    vscode-nls "^5.0.0"
    vscode-uri "^3.0.3"

vscode-jsonrpc@8.0.0-next.5, vscode-jsonrpc@^8.0.0-next.2:
  version "8.0.0-next.5"
  resolved "https://packages.tuhuyun.cn/artifactory/api/npm/npm/vscode-jsonrpc/download/vscode-jsonrpc-8.0.0-next.5.tgz#44ac984fd8a849b8a351611d5867411226885988"
  integrity sha1-RKyYT9ioSbijUWEdWGdBEiaIWYg=

vscode-languageserver-protocol@3.17.0-next.12:
  version "3.17.0-next.12"
  resolved "https://packages.tuhuyun.cn/artifactory/api/npm/npm/vscode-languageserver-protocol/download/vscode-languageserver-protocol-3.17.0-next.12.tgz#8304d9d1f9490b4f1dd9f46b35d22e87d675e704"
  integrity sha1-gwTZ0flJC08d2fRrNdIuh9Z15wQ=
  dependencies:
    vscode-jsonrpc "8.0.0-next.5"
    vscode-languageserver-types "3.17.0-next.6"

vscode-languageserver-textdocument@^1.0.1, vscode-languageserver-textdocument@^1.0.3:
  version "1.0.3"
  resolved "https://packages.tuhuyun.cn/artifactory/api/npm/npm/vscode-languageserver-textdocument/download/vscode-languageserver-textdocument-1.0.3.tgz#879f2649bfa5a6e07bc8b392c23ede2dfbf43eff"
  integrity sha1-h58mSb+lpuB7yLOSwj7eLfv0Pv8=

vscode-languageserver-types@3.17.0-next.6:
  version "3.17.0-next.6"
  resolved "https://packages.tuhuyun.cn/artifactory/api/npm/npm/vscode-languageserver-types/download/vscode-languageserver-types-3.17.0-next.6.tgz#a62465a6656295e257b33b903bd94ced58464022"
  integrity sha1-piRlpmVileJXszuQO9lM7VhGQCI=

vscode-languageserver-types@^3.15.1, vscode-languageserver-types@^3.16.0:
  version "3.16.0"
  resolved "https://packages.tuhuyun.cn/artifactory/api/npm/npm/vscode-languageserver-types/download/vscode-languageserver-types-3.16.0.tgz#ecf393fc121ec6974b2da3efb3155644c514e247"
  integrity sha1-7POT/BIexpdLLaPvsxVWRMUU4kc=

vscode-languageserver@^8.0.0-next.2:
  version "8.0.0-next.6"
  resolved "https://packages.tuhuyun.cn/artifactory/api/npm/npm/vscode-languageserver/download/vscode-languageserver-8.0.0-next.6.tgz#c349a1f6e56c7034613161c79818d36587b1bf5f"
  integrity sha1-w0mh9uVscDRhMWHHmBjTZYexv18=
  dependencies:
    vscode-languageserver-protocol "3.17.0-next.12"

vscode-nls@^5.0.0:
  version "5.0.0"
  resolved "https://packages.tuhuyun.cn/artifactory/api/npm/npm/vscode-nls/download/vscode-nls-5.0.0.tgz#99f0da0bd9ea7cda44e565a74c54b1f2bc257840"
  integrity sha1-mfDaC9nqfNpE5WWnTFSx8rwleEA=

vscode-pug-languageservice@0.29.8:
  version "0.29.8"
  resolved "https://packages.tuhuyun.cn/artifactory/api/npm/npm/vscode-pug-languageservice/download/vscode-pug-languageservice-0.29.8.tgz#3d95f974bc273ddd8f5a8fb5d3ac8064b2dc63d1"
  integrity sha1-PZX5dLwnPd2PWo+106yAZLLcY9E=
  dependencies:
    "@volar/code-gen" "0.29.8"
    "@volar/shared" "0.29.8"
    "@volar/source-map" "0.29.8"
    "@volar/transforms" "0.29.8"
    pug-lexer "^5.0.1"
    pug-parser "^6.0.0"
    vscode-languageserver "^8.0.0-next.2"

vscode-typescript-languageservice@0.29.8:
  version "0.29.8"
  resolved "https://packages.tuhuyun.cn/artifactory/api/npm/npm/vscode-typescript-languageservice/download/vscode-typescript-languageservice-0.29.8.tgz#370572e8c99c8b8190733a4bfc1b45c5f91aa044"
  integrity sha1-NwVy6Mmci4GQczpL/BtFxfkaoEQ=
  dependencies:
    "@volar/shared" "0.29.8"
    semver "^7.3.5"
    upath "^2.0.1"
    vscode-languageserver "^8.0.0-next.2"
    vscode-languageserver-textdocument "^1.0.1"

vscode-uri@^2.1.2:
  version "2.1.2"
  resolved "https://packages.tuhuyun.cn/artifactory/api/npm/npm/vscode-uri/download/vscode-uri-2.1.2.tgz#c8d40de93eb57af31f3c715dd650e2ca2c096f1c"
  integrity sha1-yNQN6T61evMfPHFd1lDiyiwJbxw=

vscode-uri@^3.0.2, vscode-uri@^3.0.3:
  version "3.0.3"
  resolved "https://packages.tuhuyun.cn/artifactory/api/npm/npm/vscode-uri/download/vscode-uri-3.0.3.tgz#a95c1ce2e6f41b7549f86279d19f47951e4f4d84"
  integrity sha1-qVwc4ub0G3VJ+GJ50Z9HlR5PTYQ=

vscode-vue-languageservice@0.29.8:
  version "0.29.8"
  resolved "https://packages.tuhuyun.cn/artifactory/api/npm/npm/vscode-vue-languageservice/download/vscode-vue-languageservice-0.29.8.tgz#6d59aab4fb94215b99b6f7d0e2ab73babd398d05"
  integrity sha1-bVmqtPuUIVuZtvfQ4qtzur05jQU=
  dependencies:
    "@volar/code-gen" "0.29.8"
    "@volar/html2pug" "0.29.8"
    "@volar/shared" "0.29.8"
    "@volar/source-map" "0.29.8"
    "@volar/transforms" "0.29.8"
    "@volar/vue-code-gen" "0.29.8"
    "@vscode/emmet-helper" "^2.8.0"
    "@vue/reactivity" "^3.2.21"
    "@vue/shared" "^3.2.21"
    request-light "^0.5.4"
    upath "^2.0.1"
    vscode-css-languageservice "^5.1.7"
    vscode-html-languageservice "^4.1.0"
    vscode-json-languageservice "^4.1.8"
    vscode-languageserver "^8.0.0-next.2"
    vscode-languageserver-textdocument "^1.0.1"
    vscode-pug-languageservice "0.29.8"
    vscode-typescript-languageservice "0.29.8"

vue-router@4:
  version "4.0.12"
  resolved "https://packages.tuhuyun.cn/artifactory/api/npm/npm/vue-router/download/vue-router-4.0.12.tgz#8dc792cddf5bb1abcc3908f9064136de7e13c460"
  integrity sha1-jceSzd9bsavMOQj5BkE23n4TxGA=
  dependencies:
    "@vue/devtools-api" "^6.0.0-beta.18"

vue-tsc@^0.29.8:
  version "0.29.8"
  resolved "https://packages.tuhuyun.cn/artifactory/api/npm/npm/vue-tsc/download/vue-tsc-0.29.8.tgz#f4d8de5dd8756107c878489ccf9178d2d72fff47"
  integrity sha1-9NjeXdh1YQfIeEicz5F40tcv/0c=
  dependencies:
    "@volar/shared" "0.29.8"
    vscode-vue-languageservice "0.29.8"

vue@^3.2.25:
  version "3.2.29"
  resolved "https://packages.tuhuyun.cn/artifactory/api/npm/npm/vue/download/vue-3.2.29.tgz#3571b65dbd796d3a6347e2fd45a8e6e11c13d56a"
  integrity sha1-NXG2Xb15bTpjR+L9Rajm4RwT1Wo=
  dependencies:
    "@vue/compiler-dom" "3.2.29"
    "@vue/compiler-sfc" "3.2.29"
    "@vue/runtime-dom" "3.2.29"
    "@vue/server-renderer" "3.2.29"
    "@vue/shared" "3.2.29"

with@^7.0.0:
  version "7.0.2"
  resolved "https://packages.tuhuyun.cn/artifactory/api/npm/npm/with/download/with-7.0.2.tgz#ccee3ad542d25538a7a7a80aad212b9828495bac"
  integrity sha1-zO461ULSVTinp6gKrSErmChJW6w=
  dependencies:
    "@babel/parser" "^7.9.6"
    "@babel/types" "^7.9.6"
    assert-never "^1.2.1"
    babel-walk "3.0.0-canary-5"

yallist@^4.0.0:
  version "4.0.0"
  resolved "https://packages.tuhuyun.cn/artifactory/api/npm/npm/yallist/download/yallist-4.0.0.tgz#9bb92790d9c0effec63be73519e11a35019a3a72"
  integrity sha1-m7knkNnA7/7GO+c1GeEaNQGaOnI=
